
Microsoft Visual Studio Solution File, Format Version 12.00
# Visual Studio Version 16
VisualStudioVersion = 16.0.32901.82
MinimumVisualStudioVersion = 10.0.40219.1
Project("{8BC9CEB8-8B4A-11D0-8D11-00A0C91BC942}") = "PGWS4", "PGWS4\PGWS4.vcxproj", "{EC8F839D-0611-44E3-92F2-44D9316D5E05}"
EndProject
Global
	GlobalSection(SolutionConfigurationPlatforms) = preSolution
		Debug|x64 = Debug|x64
		Debug|x86 = Debug|x86
		Release|x64 = Release|x64
		Release|x86 = Release|x86
	EndGlobalSection
	GlobalSection(ProjectConfigurationPlatforms) = postSolution
		{EC8F839D-0611-44E3-92F2-44D9316D5E05}.Debug|x64.ActiveCfg = Debug|x64
		{EC8F839D-0611-44E3-92F2-44D9316D5E05}.Debug|x64.Build.0 = Debug|x64
		{EC8F839D-0611-44E3-92F2-44D9316D5E05}.Debug|x86.ActiveCfg = Debug|Win32
		{EC8F839D-0611-44E3-92F2-44D9316D5E05}.Debug|x86.Build.0 = Debug|Win32
		{EC8F839D-0611-44E3-92F2-44D9316D5E05}.Release|x64.ActiveCfg = Release|x64
		{EC8F839D-0611-44E3-92F2-44D9316D5E05}.Release|x64.Build.0 = Release|x64
		{EC8F839D-0611-44E3-92F2-44D9316D5E05}.Release|x86.ActiveCfg = Release|Win32
		{EC8F839D-0611-44E3-92F2-44D9316D5E05}.Release|x86.Build.0 = Release|Win32
	EndGlobalSection
	GlobalSection(SolutionProperties) = preSolution
		HideSolutionNode = FALSE
	EndGlobalSection
	GlobalSection(ExtensibilityGlobals) = postSolution
		SolutionGuid = {E2628EA6-D84C-4199-9798-5948A997609A}
	EndGlobalSection
EndGlobal
