
Microsoft Visual Studio Solution File, Format Version 12.00
# Visual Studio Version 16
VisualStudioVersion = 16.0.32428.217
MinimumVisualStudioVersion = 10.0.40219.1
Project("{8BC9CEB8-8B4A-11D0-8D11-00A0C91BC942}") = "PGWS4_001", "PGWS4_001\PGWS4_001.vcxproj", "{87745D60-8F5D-4BD7-BF7D-B63C70D19FAC}"
EndProject
Global
	GlobalSection(SolutionConfigurationPlatforms) = preSolution
		Debug|x64 = Debug|x64
		Debug|x86 = Debug|x86
		Release|x64 = Release|x64
		Release|x86 = Release|x86
	EndGlobalSection
	GlobalSection(ProjectConfigurationPlatforms) = postSolution
		{87745D60-8F5D-4BD7-BF7D-B63C70D19FAC}.Debug|x64.ActiveCfg = Debug|x64
		{87745D60-8F5D-4BD7-BF7D-B63C70D19FAC}.Debug|x64.Build.0 = Debug|x64
		{87745D60-8F5D-4BD7-BF7D-B63C70D19FAC}.Debug|x86.ActiveCfg = Debug|Win32
		{87745D60-8F5D-4BD7-BF7D-B63C70D19FAC}.Debug|x86.Build.0 = Debug|Win32
		{87745D60-8F5D-4BD7-BF7D-B63C70D19FAC}.Release|x64.ActiveCfg = Release|x64
		{87745D60-8F5D-4BD7-BF7D-B63C70D19FAC}.Release|x64.Build.0 = Release|x64
		{87745D60-8F5D-4BD7-BF7D-B63C70D19FAC}.Release|x86.ActiveCfg = Release|Win32
		{87745D60-8F5D-4BD7-BF7D-B63C70D19FAC}.Release|x86.Build.0 = Release|Win32
	EndGlobalSection
	GlobalSection(SolutionProperties) = preSolution
		HideSolutionNode = FALSE
	EndGlobalSection
	GlobalSection(ExtensibilityGlobals) = postSolution
		SolutionGuid = {ADBB8201-01F7-4488-85B9-65708F8EC5F5}
	EndGlobalSection
EndGlobal
